
Microsoft Visual Studio Solution File, Format Version 12.00
# Visual Studio Version 17
VisualStudioVersion = 17.7.34009.444
MinimumVisualStudioVersion = 10.0.40219.1
Project("{FAE04EC0-301F-11D3-BF4B-00C04F79EFBC}") = "Trabajo GitHub", "Trabajo GitHub\Trabajo GitHub.csproj", "{39B54575-3A05-4F82-AAAA-8C14F22BA7F7}"
EndProject
Global
	GlobalSection(SolutionConfigurationPlatforms) = preSolution
		Debug|Any CPU = Debug|Any CPU
		Release|Any CPU = Release|Any CPU
	EndGlobalSection
	GlobalSection(ProjectConfigurationPlatforms) = postSolution
		{39B54575-3A05-4F82-AAAA-8C14F22BA7F7}.Debug|Any CPU.ActiveCfg = Debug|Any CPU
		{39B54575-3A05-4F82-AAAA-8C14F22BA7F7}.Debug|Any CPU.Build.0 = Debug|Any CPU
		{39B54575-3A05-4F82-AAAA-8C14F22BA7F7}.Release|Any CPU.ActiveCfg = Release|Any CPU
		{39B54575-3A05-4F82-AAAA-8C14F22BA7F7}.Release|Any CPU.Build.0 = Release|Any CPU
	EndGlobalSection
	GlobalSection(SolutionProperties) = preSolution
		HideSolutionNode = FALSE
	EndGlobalSection
	GlobalSection(ExtensibilityGlobals) = postSolution
		SolutionGuid = {F139CB54-0CD7-474E-A9D5-F9AA1C5ED0ED}
	EndGlobalSection
EndGlobal
